// !$*UTF8*$!
{
	archiveVersion = 1;
	classes = {
	};
	objectVersion = 51;
	objects = {

/* Begin PBXBuildFile section */
		876359FE22D8AED6001A5493 /* AppDelegate.swift in Sources */ = {isa = PBXBuildFile; fileRef = 876359FD22D8AED6001A5493 /* AppDelegate.swift */; };
		87635A0022D8AED6001A5493 /* ViewController.swift in Sources */ = {isa = PBXBuildFile; fileRef = 876359FF22D8AED6001A5493 /* ViewController.swift */; };
		87635A0322D8AED6001A5493 /* Main.storyboard in Resources */ = {isa = PBXBuildFile; fileRef = 87635A0122D8AED6001A5493 /* Main.storyboard */; };
		87635A0522D8AED8001A5493 /* Assets.xcassets in Resources */ = {isa = PBXBuildFile; fileRef = 87635A0422D8AED8001A5493 /* Assets.xcassets */; };
		87635A0822D8AED8001A5493 /* LaunchScreen.storyboard in Resources */ = {isa = PBXBuildFile; fileRef = 87635A0622D8AED8001A5493 /* LaunchScreen.storyboard */; };
		87C854C622D906C500FD6D37 /* HomeViewController.swift in Sources */ = {isa = PBXBuildFile; fileRef = 87C854C522D906C500FD6D37 /* HomeViewController.swift */; };
		87C854C822D9073400FD6D37 /* DataViewController.swift in Sources */ = {isa = PBXBuildFile; fileRef = 87C854C722D9073400FD6D37 /* DataViewController.swift */; };
		87C854CA22D907E200FD6D37 /* QuestionViewController.swift in Sources */ = {isa = PBXBuildFile; fileRef = 87C854C922D907E200FD6D37 /* QuestionViewController.swift */; };
		87C854CC22D924ED00FD6D37 /* WebViewController.swift in Sources */ = {isa = PBXBuildFile; fileRef = 87C854CB22D924ED00FD6D37 /* WebViewController.swift */; };
		E4DB58F2578400926010E6DC /* Pods_Projectwatch.framework in Frameworks */ = {isa = PBXBuildFile; fileRef = 00BD742634D78B2C93D2C1F6 /* Pods_Projectwatch.framework */; };
/* End PBXBuildFile section */

/* Begin PBXFileReference section */
		00BD742634D78B2C93D2C1F6 /* Pods_Projectwatch.framework */ = {isa = PBXFileReference; explicitFileType = wrapper.framework; includeInIndex = 0; path = Pods_Projectwatch.framework; sourceTree = BUILT_PRODUCTS_DIR; };
		876359FA22D8AED6001A5493 /* Projectwatch.app */ = {isa = PBXFileReference; explicitFileType = wrapper.application; includeInIndex = 0; path = Projectwatch.app; sourceTree = BUILT_PRODUCTS_DIR; };
		876359FD22D8AED6001A5493 /* AppDelegate.swift */ = {isa = PBXFileReference; lastKnownFileType = sourcecode.swift; path = AppDelegate.swift; sourceTree = "<group>"; };
		876359FF22D8AED6001A5493 /* ViewController.swift */ = {isa = PBXFileReference; lastKnownFileType = sourcecode.swift; path = ViewController.swift; sourceTree = "<group>"; };
		87635A0222D8AED6001A5493 /* Base */ = {isa = PBXFileReference; lastKnownFileType = file.storyboard; name = Base; path = Base.lproj/Main.storyboard; sourceTree = "<group>"; };
		87635A0422D8AED8001A5493 /* Assets.xcassets */ = {isa = PBXFileReference; lastKnownFileType = folder.assetcatalog; path = Assets.xcassets; sourceTree = "<group>"; };
		87635A0722D8AED8001A5493 /* Base */ = {isa = PBXFileReference; lastKnownFileType = file.storyboard; name = Base; path = Base.lproj/LaunchScreen.storyboard; sourceTree = "<group>"; };
		87635A0922D8AED8001A5493 /* Info.plist */ = {isa = PBXFileReference; lastKnownFileType = text.plist.xml; path = Info.plist; sourceTree = "<group>"; };
		87C854C522D906C500FD6D37 /* HomeViewController.swift */ = {isa = PBXFileReference; lastKnownFileType = sourcecode.swift; path = HomeViewController.swift; sourceTree = "<group>"; };
		87C854C722D9073400FD6D37 /* DataViewController.swift */ = {isa = PBXFileReference; lastKnownFileType = sourcecode.swift; path = DataViewController.swift; sourceTree = "<group>"; };
		87C854C922D907E200FD6D37 /* QuestionViewController.swift */ = {isa = PBXFileReference; lastKnownFileType = sourcecode.swift; path = QuestionViewController.swift; sourceTree = "<group>"; };
		87C854CB22D924ED00FD6D37 /* WebViewController.swift */ = {isa = PBXFileReference; lastKnownFileType = sourcecode.swift; path = WebViewController.swift; sourceTree = "<group>"; };
		D98FE5B004410EFDCE19948E /* Pods-Projectwatch.debug.xcconfig */ = {isa = PBXFileReference; includeInIndex = 1; lastKnownFileType = text.xcconfig; name = "Pods-Projectwatch.debug.xcconfig"; path = "Target Support Files/Pods-Projectwatch/Pods-Projectwatch.debug.xcconfig"; sourceTree = "<group>"; };
		F0AE3161C1DC610C8D45D4CC /* Pods-Projectwatch.release.xcconfig */ = {isa = PBXFileReference; includeInIndex = 1; lastKnownFileType = text.xcconfig; name = "Pods-Projectwatch.release.xcconfig"; path = "Target Support Files/Pods-Projectwatch/Pods-Projectwatch.release.xcconfig"; sourceTree = "<group>"; };
/* End PBXFileReference section */

/* Begin PBXFrameworksBuildPhase section */
		876359F722D8AED6001A5493 /* Frameworks */ = {
			isa = PBXFrameworksBuildPhase;
			buildActionMask = 2147483647;
			files = (
				E4DB58F2578400926010E6DC /* Pods_Projectwatch.framework in Frameworks */,
			);
			runOnlyForDeploymentPostprocessing = 0;
		};
/* End PBXFrameworksBuildPhase section */

/* Begin PBXGroup section */
		37DDE0B70C93E08545A4AB6F /* Pods */ = {
			isa = PBXGroup;
			children = (
				D98FE5B004410EFDCE19948E /* Pods-Projectwatch.debug.xcconfig */,
				F0AE3161C1DC610C8D45D4CC /* Pods-Projectwatch.release.xcconfig */,
			);
			path = Pods;
			sourceTree = "<group>";
		};
		7D86E9CA03753E23084BCAED /* Frameworks */ = {
			isa = PBXGroup;
			children = (
				00BD742634D78B2C93D2C1F6 /* Pods_Projectwatch.framework */,
			);
			name = Frameworks;
			sourceTree = "<group>";
		};
		876359F122D8AED6001A5493 = {
			isa = PBXGroup;
			children = (
				876359FC22D8AED6001A5493 /* Projectwatch */,
				876359FB22D8AED6001A5493 /* Products */,
				37DDE0B70C93E08545A4AB6F /* Pods */,
				7D86E9CA03753E23084BCAED /* Frameworks */,
			);
			sourceTree = "<group>";
		};
		876359FB22D8AED6001A5493 /* Products */ = {
			isa = PBXGroup;
			children = (
				876359FA22D8AED6001A5493 /* Projectwatch.app */,
			);
			name = Products;
			sourceTree = "<group>";
		};
		876359FC22D8AED6001A5493 /* Projectwatch */ = {
			isa = PBXGroup;
			children = (
				876359FD22D8AED6001A5493 /* AppDelegate.swift */,
				876359FF22D8AED6001A5493 /* ViewController.swift */,
				87635A0122D8AED6001A5493 /* Main.storyboard */,
				87C854CB22D924ED00FD6D37 /* WebViewController.swift */,
				87C854C722D9073400FD6D37 /* DataViewController.swift */,
				87C854C922D907E200FD6D37 /* QuestionViewController.swift */,
				87C854C522D906C500FD6D37 /* HomeViewController.swift */,
				87635A0422D8AED8001A5493 /* Assets.xcassets */,
				87635A0622D8AED8001A5493 /* LaunchScreen.storyboard */,
				87635A0922D8AED8001A5493 /* Info.plist */,
			);
			path = Projectwatch;
			sourceTree = "<group>";
		};
/* End PBXGroup section */

/* Begin PBXNativeTarget section */
		876359F922D8AED6001A5493 /* Projectwatch */ = {
			isa = PBXNativeTarget;
			buildConfigurationList = 87635A0C22D8AED8001A5493 /* Build configuration list for PBXNativeTarget "Projectwatch" */;
			buildPhases = (
				2ECEEE8AF3B24B434F19C8BE /* [CP] Check Pods Manifest.lock */,
				876359F622D8AED6001A5493 /* Sources */,
				876359F722D8AED6001A5493 /* Frameworks */,
				876359F822D8AED6001A5493 /* Resources */,
				75CE8EE0188310285B813E60 /* [CP] Embed Pods Frameworks */,
			);
			buildRules = (
			);
			dependencies = (
			);
			name = Projectwatch;
			productName = Projectwatch;
			productReference = 876359FA22D8AED6001A5493 /* Projectwatch.app */;
			productType = "com.apple.product-type.application";
		};
/* End PBXNativeTarget section */

/* Begin PBXProject section */
		876359F222D8AED6001A5493 /* Project object */ = {
			isa = PBXProject;
			attributes = {
				LastSwiftUpdateCheck = 1020;
				LastUpgradeCheck = 1020;
				ORGANIZATIONNAME = Chanokchon;
				TargetAttributes = {
					876359F922D8AED6001A5493 = {
						CreatedOnToolsVersion = 10.2.1;
					};
				};
			};
			buildConfigurationList = 876359F522D8AED6001A5493 /* Build configuration list for PBXProject "Projectwatch" */;
			compatibilityVersion = "Xcode 9.3";
			developmentRegion = en;
			hasScannedForEncodings = 0;
			knownRegions = (
				en,
				Base,
			);
			mainGroup = 876359F122D8AED6001A5493;
			productRefGroup = 876359FB22D8AED6001A5493 /* Products */;
			projectDirPath = "";
			projectRoot = "";
			targets = (
				876359F922D8AED6001A5493 /* Projectwatch */,
			);
		};
/* End PBXProject section */

/* Begin PBXResourcesBuildPhase section */
		876359F822D8AED6001A5493 /* Resources */ = {
			isa = PBXResourcesBuildPhase;
			buildActionMask = 2147483647;
			files = (
				87635A0822D8AED8001A5493 /* LaunchScreen.storyboard in Resources */,
				87635A0522D8AED8001A5493 /* Assets.xcassets in Resources */,
				87635A0322D8AED6001A5493 /* Main.storyboard in Resources */,
			);
			runOnlyForDeploymentPostprocessing = 0;
		};
/* End PBXResourcesBuildPhase section */

/* Begin PBXShellScriptBuildPhase section */
		2ECEEE8AF3B24B434F19C8BE /* [CP] Check Pods Manifest.lock */ = {
			isa = PBXShellScriptBuildPhase;
			buildActionMask = 2147483647;
			files = (
			);
			inputFileListPaths = (
			);
			inputPaths = (
				"${PODS_PODFILE_DIR_PATH}/Podfile.lock",
				"${PODS_ROOT}/Manifest.lock",
			);
			name = "[CP] Check Pods Manifest.lock";
			outputFileListPaths = (
			);
			outputPaths = (
				"$(DERIVED_FILE_DIR)/Pods-Projectwatch-checkManifestLockResult.txt",
			);
			runOnlyForDeploymentPostprocessing = 0;
			shellPath = /bin/sh;
			shellScript = "diff \"${PODS_PODFILE_DIR_PATH}/Podfile.lock\" \"${PODS_ROOT}/Manifest.lock\" > /dev/null\nif [ $? != 0 ] ; then\n    # print error to STDERR\n    echo \"error: The sandbox is not in sync with the Podfile.lock. Run 'pod install' or update your CocoaPods installation.\" >&2\n    exit 1\nfi\n# This output is used by Xcode 'outputs' to avoid re-running this script phase.\necho \"SUCCESS\" > \"${SCRIPT_OUTPUT_FILE_0}\"\n";
			showEnvVarsInLog = 0;
		};
		75CE8EE0188310285B813E60 /* [CP] Embed Pods Frameworks */ = {
			isa = PBXShellScriptBuildPhase;
			buildActionMask = 2147483647;
			files = (
			);
			inputFileListPaths = (
				"${PODS_ROOT}/Target Support Files/Pods-Projectwatch/Pods-Projectwatch-frameworks-${CONFIGURATION}-input-files.xcfilelist",
			);
			name = "[CP] Embed Pods Frameworks";
			outputFileListPaths = (
				"${PODS_ROOT}/Target Support Files/Pods-Projectwatch/Pods-Projectwatch-frameworks-${CONFIGURATION}-output-files.xcfilelist",
			);
			runOnlyForDeploymentPostprocessing = 0;
			shellPath = /bin/sh;
			shellScript = "\"${PODS_ROOT}/Target Support Files/Pods-Projectwatch/Pods-Projectwatch-frameworks.sh\"\n";
			showEnvVarsInLog = 0;
		};
/* End PBXShellScriptBuildPhase section */

/* Begin PBXSourcesBuildPhase section */
		876359F622D8AED6001A5493 /* Sources */ = {
			isa = PBXSourcesBuildPhase;
			buildActionMask = 2147483647;
			files = (
				87C854C822D9073400FD6D37 /* DataViewController.swift in Sources */,
				87C854CC22D924ED00FD6D37 /* WebViewController.swift in Sources */,
				87C854CA22D907E200FD6D37 /* QuestionViewController.swift in Sources */,
				87635A0022D8AED6001A5493 /* ViewController.swift in Sources */,
				876359FE22D8AED6001A5493 /* AppDelegate.swift in Sources */,
				87C854C622D906C500FD6D37 /* HomeViewController.swift in Sources */,
			);
			runOnlyForDeploymentPostprocessing = 0;
		};
/* End PBXSourcesBuildPhase section */

/* Begin PBXVariantGroup section */
		87635A0122D8AED6001A5493 /* Main.storyboard */ = {
			isa = PBXVariantGroup;
			children = (
				87635A0222D8AED6001A5493 /* Base */,
			);
			name = Main.storyboard;
			sourceTree = "<group>";
		};
		87635A0622D8AED8001A5493 /* LaunchScreen.storyboard */ = {
			isa = PBXVariantGroup;
			children = (
				87635A0722D8AED8001A5493 /* Base */,
			);
			name = LaunchScreen.storyboard;
			sourceTree = "<group>";
		};
/* End PBXVariantGroup section */

/* Begin XCBuildConfiguration section */
		87635A0A22D8AED8001A5493 /* Debug */ = {
			isa = XCBuildConfiguration;
			buildSettings = {
				ALWAYS_SEARCH_USER_PATHS = NO;
				CLANG_ANALYZER_NONNULL = YES;
				CLANG_ANALYZER_NUMBER_OBJECT_CONVERSION = YES_AGGRESSIVE;
				CLANG_CXX_LANGUAGE_STANDARD = "gnu++14";
				CLANG_CXX_LIBRARY = "libc++";
				CLANG_ENABLE_MODULES = YES;
				CLANG_ENABLE_OBJC_ARC = YES;
				CLANG_ENABLE_OBJC_WEAK = YES;
				CLANG_WARN_BLOCK_CAPTURE_AUTORELEASING = YES;
				CLANG_WARN_BOOL_CONVERSION = YES;
				CLANG_WARN_COMMA = YES;
				CLANG_WARN_CONSTANT_CONVERSION = YES;
				CLANG_WARN_DEPRECATED_OBJC_IMPLEMENTATIONS = YES;
				CLANG_WARN_DIRECT_OBJC_ISA_USAGE = YES_ERROR;
				CLANG_WARN_DOCUMENTATION_COMMENTS = YES;
				CLANG_WARN_EMPTY_BODY = YES;
				CLANG_WARN_ENUM_CONVERSION = YES;
				CLANG_WARN_INFINITE_RECURSION = YES;
				CLANG_WARN_INT_CONVERSION = YES;
				CLANG_WARN_NON_LITERAL_NULL_CONVERSION = YES;
				CLANG_WARN_OBJC_IMPLICIT_RETAIN_SELF = YES;
				CLANG_WARN_OBJC_LITERAL_CONVERSION = YES;
				CLANG_WARN_OBJC_ROOT_CLASS = YES_ERROR;
				CLANG_WARN_RANGE_LOOP_ANALYSIS = YES;
				CLANG_WARN_STRICT_PROTOTYPES = YES;
				CLANG_WARN_SUSPICIOUS_MOVE = YES;
				CLANG_WARN_UNGUARDED_AVAILABILITY = YES_AGGRESSIVE;
				CLANG_WARN_UNREACHABLE_CODE = YES;
				CLANG_WARN__DUPLICATE_METHOD_MATCH = YES;
				CODE_SIGN_IDENTITY = "iPhone Developer";
				COPY_PHASE_STRIP = NO;
				DEBUG_INFORMATION_FORMAT = dwarf;
				ENABLE_STRICT_OBJC_MSGSEND = YES;
				ENABLE_TESTABILITY = YES;
				GCC_C_LANGUAGE_STANDARD = gnu11;
				GCC_DYNAMIC_NO_PIC = NO;
				GCC_NO_COMMON_BLOCKS = YES;
				GCC_OPTIMIZATION_LEVEL = 0;
				GCC_PREPROCESSOR_DEFINITIONS = (
					"DEBUG=1",
					"$(inherited)",
				);
				GCC_WARN_64_TO_32_BIT_CONVERSION = YES;
				GCC_WARN_ABOUT_RETURN_TYPE = YES_ERROR;
				GCC_WARN_UNDECLARED_SELECTOR = YES;
				GCC_WARN_UNINITIALIZED_AUTOS = YES_AGGRESSIVE;
				GCC_WARN_UNUSED_FUNCTION = YES;
				GCC_WARN_UNUSED_VARIABLE = YES;
				IPHONEOS_DEPLOYMENT_TARGET = 12.2;
				MTL_ENABLE_DEBUG_INFO = INCLUDE_SOURCE;
				MTL_FAST_MATH = YES;
				ONLY_ACTIVE_ARCH = YES;
				SDKROOT = iphoneos;
				SWIFT_ACTIVE_COMPILATION_CONDITIONS = DEBUG;
				SWIFT_OPTIMIZATION_LEVEL = "-Onone";
			};
			name = Debug;
		};
		87635A0B22D8AED8001A5493 /* Release */ = {
			isa = XCBuildConfiguration;
			buildSettings = {
				ALWAYS_SEARCH_USER_PATHS = NO;
				CLANG_ANALYZER_NONNULL = YES;
				CLANG_ANALYZER_NUMBER_OBJECT_CONVERSION = YES_AGGRESSIVE;
				CLANG_CXX_LANGUAGE_STANDARD = "gnu++14";
				CLANG_CXX_LIBRARY = "libc++";
				CLANG_ENABLE_MODULES = YES;
				CLANG_ENABLE_OBJC_ARC = YES;
				CLANG_ENABLE_OBJC_WEAK = YES;
				CLANG_WARN_BLOCK_CAPTURE_AUTORELEASING = YES;
				CLANG_WARN_BOOL_CONVERSION = YES;
				CLANG_WARN_COMMA = YES;
				CLANG_WARN_CONSTANT_CONVERSION = YES;
				CLANG_WARN_DEPRECATED_OBJC_IMPLEMENTATIONS = YES;
				CLANG_WARN_DIRECT_OBJC_ISA_USAGE = YES_ERROR;
				CLANG_WARN_DOCUMENTATION_COMMENTS = YES;
				CLANG_WARN_EMPTY_BODY = YES;
				CLANG_WARN_ENUM_CONVERSION = YES;
				CLANG_WARN_INFINITE_RECURSION = YES;
				CLANG_WARN_INT_CONVERSION = YES;
				CLANG_WARN_NON_LITERAL_NULL_CONVERSION = YES;
				CLANG_WARN_OBJC_IMPLICIT_RETAIN_SELF = YES;
				CLANG_WARN_OBJC_LITERAL_CONVERSION = YES;
				CLANG_WARN_OBJC_ROOT_CLASS = YES_ERROR;
				CLANG_WARN_RANGE_LOOP_ANALYSIS = YES;
				CLANG_WARN_STRICT_PROTOTYPES = YES;
				CLANG_WARN_SUSPICIOUS_MOVE = YES;
				CLANG_WARN_UNGUARDED_AVAILABILITY = YES_AGGRESSIVE;
				CLANG_WARN_UNREACHABLE_CODE = YES;
				CLANG_WARN__DUPLICATE_METHOD_MATCH = YES;
				CODE_SIGN_IDENTITY = "iPhone Developer";
				COPY_PHASE_STRIP = NO;
				DEBUG_INFORMATION_FORMAT = "dwarf-with-dsym";
				ENABLE_NS_ASSERTIONS = NO;
				ENABLE_STRICT_OBJC_MSGSEND = YES;
				GCC_C_LANGUAGE_STANDARD = gnu11;
				GCC_NO_COMMON_BLOCKS = YES;
				GCC_WARN_64_TO_32_BIT_CONVERSION = YES;
				GCC_WARN_ABOUT_RETURN_TYPE = YES_ERROR;
				GCC_WARN_UNDECLARED_SELECTOR = YES;
				GCC_WARN_UNINITIALIZED_AUTOS = YES_AGGRESSIVE;
				GCC_WARN_UNUSED_FUNCTION = YES;
				GCC_WARN_UNUSED_VARIABLE = YES;
				IPHONEOS_DEPLOYMENT_TARGET = 12.2;
				MTL_ENABLE_DEBUG_INFO = NO;
				MTL_FAST_MATH = YES;
				SDKROOT = iphoneos;
				SWIFT_COMPILATION_MODE = wholemodule;
				SWIFT_OPTIMIZATION_LEVEL = "-O";
				VALIDATE_PRODUCT = YES;
			};
			name = Release;
		};
		87635A0D22D8AED8001A5493 /* Debug */ = {
			isa = XCBuildConfiguration;
			baseConfigurationReference = D98FE5B004410EFDCE19948E /* Pods-Projectwatch.debug.xcconfig */;
			buildSettings = {
				ASSETCATALOG_COMPILER_APPICON_NAME = AppIcon;
				CODE_SIGN_STYLE = Automatic;
				DEVELOPMENT_TEAM = VH9U535HA6;
				INFOPLIST_FILE = Projectwatch/Info.plist;
				LD_RUNPATH_SEARCH_PATHS = (
					"$(inherited)",
					"@executable_path/Frameworks",
				);
				PRODUCT_BUNDLE_IDENTIFIER = gh.Projectwatch;
				PRODUCT_NAME = "$(TARGET_NAME)";
				SWIFT_VERSION = 5.0;
				TARGETED_DEVICE_FAMILY = "1,2";
			};
			name = Debug;
		};
		87635A0E22D8AED8001A5493 /* Release */ = {
			isa = XCBuildConfiguration;
			baseConfigurationReference = F0AE3161C1DC610C8D45D4CC /* Pods-Projectwatch.release.xcconfig */;
			buildSettings = {
				ASSETCATALOG_COMPILER_APPICON_NAME = AppIcon;
				CODE_SIGN_STYLE = Automatic;
				DEVELOPMENT_TEAM = VH9U535HA6;
				INFOPLIST_FILE = Projectwatch/Info.plist;
				LD_RUNPATH_SEARCH_PATHS = (
					"$(inherited)",
					"@executable_path/Frameworks",
				);
				PRODUCT_BUNDLE_IDENTIFIER = gh.Projectwatch;
				PRODUCT_NAME = "$(TARGET_NAME)";
				SWIFT_VERSION = 5.0;
				TARGETED_DEVICE_FAMILY = "1,2";
			};
			name = Release;
		};
/* End XCBuildConfiguration section */

/* Begin XCConfigurationList section */
		876359F522D8AED6001A5493 /* Build configuration list for PBXProject "Projectwatch" */ = {
			isa = XCConfigurationList;
			buildConfigurations = (
				87635A0A22D8AED8001A5493 /* Debug */,
				87635A0B22D8AED8001A5493 /* Release */,
			);
			defaultConfigurationIsVisible = 0;
			defaultConfigurationName = Release;
		};
		87635A0C22D8AED8001A5493 /* Build configuration list for PBXNativeTarget "Projectwatch" */ = {
			isa = XCConfigurationList;
			buildConfigurations = (
				87635A0D22D8AED8001A5493 /* Debug */,
				87635A0E22D8AED8001A5493 /* Release */,
			);
			defaultConfigurationIsVisible = 0;
			defaultConfigurationName = Release;
		};
/* End XCConfigurationList section */
	};
	rootObject = 876359F222D8AED6001A5493 /* Project object */;
}
